{
  "name": "@lromeraj/device-sp",
  "version": "0.5.2",
  "lockfileVersion": 1,
  "requires": true,
  "dependencies": {
    "@lromeraj/log": {
      "version": "git+https://github.com/lromeraj/node-log.git#79ac18bf71b67af3a0537d74c608b63a4336a291",
      "from": "git+https://github.com/lromeraj/node-log.git",
      "requires": {
        "colors": "^1.3.3",
        "moment": "^2.24.0"
      }
    },
    "@types/node": {
      "version": "7.10.7",
      "resolved": "https://registry.npmjs.org/@types/node/-/node-7.10.7.tgz",
      "integrity": "sha512-4I7+hXKyq7e1deuzX9udu0hPIYqSSkdKXtjow6fMnQ3OR9qkxIErGHbGY08YrfZJrCS1ajK8lOuzd0k3n2WM4A==",
      "optional": true
    },
    "bindings": {
      "version": "1.2.1",
      "resolved": "https://registry.npmjs.org/bindings/-/bindings-1.2.1.tgz",
      "integrity": "sha1-FK1hE4EtLTfXLme0ystLtyZQXxE="
    },
    "bluetooth-serial-port": {
      "version": "2.2.6",
      "resolved": "https://registry.npmjs.org/bluetooth-serial-port/-/bluetooth-serial-port-2.2.6.tgz",
      "integrity": "sha512-JKF9wjt28Sqcf6obKRAXtPoCx0BYhZoVtcrpf/7QamudUzwoRkq8AOdlnv35fLAWqhsBEyUgMzZIevRWuxuPpA==",
      "requires": {
        "@types/node": "^7.0.10",
        "bindings": "1.2.x",
        "nan": "^2.14.0",
        "stable": "^0.1.8"
      }
    },
    "colors": {
      "version": "1.4.0",
      "resolved": "https://registry.npmjs.org/colors/-/colors-1.4.0.tgz",
      "integrity": "sha512-a+UqTh4kgZg/SlGvfbzDHpgRu7AAQOmmqRHJnxhRZICKFUT91brVhNNt58CMWU9PsBbv3PDCZUHbVxuDiH2mtA=="
    },
    "moment": {
      "version": "2.24.0",
      "resolved": "https://registry.npmjs.org/moment/-/moment-2.24.0.tgz",
      "integrity": "sha512-bV7f+6l2QigeBBZSM/6yTNq4P2fNpSWj/0e7jQcy87A8e7o2nAfP/34/2ky5Vw4B9S446EtIhodAzkFCcR4dQg=="
    },
    "nan": {
      "version": "2.14.0",
      "resolved": "https://registry.npmjs.org/nan/-/nan-2.14.0.tgz",
      "integrity": "sha512-INOFj37C7k3AfaNTtX8RhsTw7qRy7eLET14cROi9+5HAVbbHuIWUHEauBv5qT4Av2tWasiTY1Jw6puUNqRJXQg=="
    },
    "stable": {
      "version": "0.1.8",
      "resolved": "https://registry.npmjs.org/stable/-/stable-0.1.8.tgz",
      "integrity": "sha512-ji9qxRnOVfcuLDySj9qzhGSEFVobyt1kIOSkj1qZzYLzq7Tos/oUUWvotUPQLlrsidqsK6tBH89Bc9kL5zHA6w=="
    }
  }
}
